{
  "requires": true,
  "lockfileVersion": 1,
  "dependencies": {
    "rxjs": {
      "version": "5.4.3",
      "resolved": "http://registry.npm.taobao.org/rxjs/download/rxjs-5.4.3.tgz",
      "integrity": "sha1-B1jN3uYDPWjg/VNnbw81ls49SD8=",
      "requires": {
        "symbol-observable": "1.0.4"
      }
    },
    "symbol-observable": {
      "version": "1.0.4",
      "resolved": "http://registry.npm.taobao.org/symbol-observable/download/symbol-observable-1.0.4.tgz",
      "integrity": "sha1-Kb9hXUqnEhvdiYsi1LP5vE4qoD0="
    }
  }
}
